
Microsoft Visual Studio Solution File, Format Version 12.00
# Visual Studio 2012
Project("{FAE04EC0-301F-11D3-BF4B-00C04F79EFBC}") = "TeamMentor.Checkmarx", "TeamMentor.Checkmarx\TeamMentor.Checkmarx.csproj", "{4D18A636-8A79-43B0-805F-13CBCA1F6333}"
EndProject
Project("{FAE04EC0-301F-11D3-BF4B-00C04F79EFBC}") = "TeamMentor.Checkmarx.Tests", "TeamMentor.Checkmarx.Tests\TeamMentor.Checkmarx.Tests.csproj", "{B7215426-FF20-49D7-863C-1F785B1A4E8F}"
EndProject
Project("{6141683F-8A12-4E36-9623-2EB02B2C2303}") = "TeamMentor.Checkmarx.SetUp", "TeamMentor.Checkmarx.SetUp\TeamMentor.Checkmarx.SetUp.isproj", "{C27FE1E6-2478-493A-B1D0-54B4837D36BA}"
EndProject
Global
	GlobalSection(SolutionConfigurationPlatforms) = preSolution
		CD_ROM|Any CPU = CD_ROM|Any CPU
		Debug|Any CPU = Debug|Any CPU
		DVD-5|Any CPU = DVD-5|Any CPU
		Release|Any CPU = Release|Any CPU
		SingleImage|Any CPU = SingleImage|Any CPU
	EndGlobalSection
	GlobalSection(ProjectConfigurationPlatforms) = postSolution
		{4D18A636-8A79-43B0-805F-13CBCA1F6333}.CD_ROM|Any CPU.ActiveCfg = Release|Any CPU
		{4D18A636-8A79-43B0-805F-13CBCA1F6333}.CD_ROM|Any CPU.Build.0 = Release|Any CPU
		{4D18A636-8A79-43B0-805F-13CBCA1F6333}.Debug|Any CPU.ActiveCfg = Debug|Any CPU
		{4D18A636-8A79-43B0-805F-13CBCA1F6333}.Debug|Any CPU.Build.0 = Debug|Any CPU
		{4D18A636-8A79-43B0-805F-13CBCA1F6333}.DVD-5|Any CPU.ActiveCfg = Debug|Any CPU
		{4D18A636-8A79-43B0-805F-13CBCA1F6333}.DVD-5|Any CPU.Build.0 = Debug|Any CPU
		{4D18A636-8A79-43B0-805F-13CBCA1F6333}.Release|Any CPU.ActiveCfg = Release|Any CPU
		{4D18A636-8A79-43B0-805F-13CBCA1F6333}.Release|Any CPU.Build.0 = Release|Any CPU
		{4D18A636-8A79-43B0-805F-13CBCA1F6333}.SingleImage|Any CPU.ActiveCfg = Release|Any CPU
		{4D18A636-8A79-43B0-805F-13CBCA1F6333}.SingleImage|Any CPU.Build.0 = Release|Any CPU
		{B7215426-FF20-49D7-863C-1F785B1A4E8F}.CD_ROM|Any CPU.ActiveCfg = Release|Any CPU
		{B7215426-FF20-49D7-863C-1F785B1A4E8F}.CD_ROM|Any CPU.Build.0 = Release|Any CPU
		{B7215426-FF20-49D7-863C-1F785B1A4E8F}.Debug|Any CPU.ActiveCfg = Debug|Any CPU
		{B7215426-FF20-49D7-863C-1F785B1A4E8F}.Debug|Any CPU.Build.0 = Debug|Any CPU
		{B7215426-FF20-49D7-863C-1F785B1A4E8F}.DVD-5|Any CPU.ActiveCfg = Debug|Any CPU
		{B7215426-FF20-49D7-863C-1F785B1A4E8F}.DVD-5|Any CPU.Build.0 = Debug|Any CPU
		{B7215426-FF20-49D7-863C-1F785B1A4E8F}.Release|Any CPU.ActiveCfg = Release|Any CPU
		{B7215426-FF20-49D7-863C-1F785B1A4E8F}.Release|Any CPU.Build.0 = Release|Any CPU
		{B7215426-FF20-49D7-863C-1F785B1A4E8F}.SingleImage|Any CPU.ActiveCfg = Release|Any CPU
		{B7215426-FF20-49D7-863C-1F785B1A4E8F}.SingleImage|Any CPU.Build.0 = Release|Any CPU
		{C27FE1E6-2478-493A-B1D0-54B4837D36BA}.CD_ROM|Any CPU.ActiveCfg = CD_ROM
		{C27FE1E6-2478-493A-B1D0-54B4837D36BA}.CD_ROM|Any CPU.Build.0 = CD_ROM
		{C27FE1E6-2478-493A-B1D0-54B4837D36BA}.Debug|Any CPU.ActiveCfg = DVD-5
		{C27FE1E6-2478-493A-B1D0-54B4837D36BA}.Debug|Any CPU.Build.0 = DVD-5
		{C27FE1E6-2478-493A-B1D0-54B4837D36BA}.DVD-5|Any CPU.ActiveCfg = DVD-5
		{C27FE1E6-2478-493A-B1D0-54B4837D36BA}.DVD-5|Any CPU.Build.0 = DVD-5
		{C27FE1E6-2478-493A-B1D0-54B4837D36BA}.Release|Any CPU.ActiveCfg = SingleImage
		{C27FE1E6-2478-493A-B1D0-54B4837D36BA}.Release|Any CPU.Build.0 = SingleImage
		{C27FE1E6-2478-493A-B1D0-54B4837D36BA}.SingleImage|Any CPU.ActiveCfg = SingleImage
		{C27FE1E6-2478-493A-B1D0-54B4837D36BA}.SingleImage|Any CPU.Build.0 = SingleImage
	EndGlobalSection
	GlobalSection(SolutionProperties) = preSolution
		HideSolutionNode = FALSE
	EndGlobalSection
EndGlobal
